
Microsoft Visual Studio Solution File, Format Version 12.00
# Visual Studio Version 16
VisualStudioVersion = 16.0.29728.190
MinimumVisualStudioVersion = 10.0.40219.1
Project("{FAE04EC0-301F-11D3-BF4B-00C04F79EFBC}") = "TargetHeartRateCalulator", "TargetHeartRateCalulator\TargetHeartRateCalulator.csproj", "{C078EF43-5A3F-4464-B518-9382C5332705}"
EndProject
Global
	GlobalSection(SolutionConfigurationPlatforms) = preSolution
		Debug|Any CPU = Debug|Any CPU
		Release|Any CPU = Release|Any CPU
	EndGlobalSection
	GlobalSection(ProjectConfigurationPlatforms) = postSolution
		{C078EF43-5A3F-4464-B518-9382C5332705}.Debug|Any CPU.ActiveCfg = Debug|Any CPU
		{C078EF43-5A3F-4464-B518-9382C5332705}.Debug|Any CPU.Build.0 = Debug|Any CPU
		{C078EF43-5A3F-4464-B518-9382C5332705}.Release|Any CPU.ActiveCfg = Release|Any CPU
		{C078EF43-5A3F-4464-B518-9382C5332705}.Release|Any CPU.Build.0 = Release|Any CPU
	EndGlobalSection
	GlobalSection(SolutionProperties) = preSolution
		HideSolutionNode = FALSE
	EndGlobalSection
	GlobalSection(ExtensibilityGlobals) = postSolution
		SolutionGuid = {17F29BCD-1231-4C1A-B0CA-D41444AB82BB}
	EndGlobalSection
EndGlobal
